
Microsoft Visual Studio Solution File, Format Version 12.00
# Visual Studio 14
VisualStudioVersion = 14.0.25420.1
MinimumVisualStudioVersion = 10.0.40219.1
Project("{2150E333-8FDC-42A3-9474-1A3956D46DE8}") = "BLL", "BLL", "{4F309C5F-471B-4281-AC3A-7A33D5CF1160}"
EndProject
Project("{2150E333-8FDC-42A3-9474-1A3956D46DE8}") = "DAO", "DAO", "{07EE0D5D-E4FC-4315-AB00-5884410EF7C3}"
EndProject
Project("{2150E333-8FDC-42A3-9474-1A3956D46DE8}") = "DAL", "DAL", "{21755E37-983B-4DAD-BC15-693FAAECC529}"
EndProject
Project("{2150E333-8FDC-42A3-9474-1A3956D46DE8}") = "UI", "UI", "{FD9CB34C-2EC8-4B0A-8182-53CDFDDAA34E}"
EndProject
Project("{FAE04EC0-301F-11D3-BF4B-00C04F79EFBC}") = "OrionSystem.DAO", "OrionSystem.BLL\OrionSystem.DAO.csproj", "{5DE046DE-CD9C-4602-94A9-F4A8B1E8991B}"
EndProject
Project("{FAE04EC0-301F-11D3-BF4B-00C04F79EFBC}") = "UI.Orion", "UI.Orion\UI.Orion.csproj", "{A6A1158A-8B2C-4EF8-BE9B-F7A2590E0E92}"
EndProject
Project("{FAE04EC0-301F-11D3-BF4B-00C04F79EFBC}") = "Orion.BLL", "Orion.BLL\Orion.BLL.csproj", "{ADE2B375-0626-42F0-958C-A0B05DAC7E85}"
EndProject
Project("{FAE04EC0-301F-11D3-BF4B-00C04F79EFBC}") = "Orion.DAL", "Orion.DAL\Orion.DAL.csproj", "{5468DFA8-1188-4508-BBA3-2FB2D4C51860}"
EndProject
Global
	GlobalSection(SolutionConfigurationPlatforms) = preSolution
		Debug|Any CPU = Debug|Any CPU
		Release|Any CPU = Release|Any CPU
	EndGlobalSection
	GlobalSection(ProjectConfigurationPlatforms) = postSolution
		{5DE046DE-CD9C-4602-94A9-F4A8B1E8991B}.Debug|Any CPU.ActiveCfg = Debug|Any CPU
		{5DE046DE-CD9C-4602-94A9-F4A8B1E8991B}.Debug|Any CPU.Build.0 = Debug|Any CPU
		{5DE046DE-CD9C-4602-94A9-F4A8B1E8991B}.Release|Any CPU.ActiveCfg = Release|Any CPU
		{5DE046DE-CD9C-4602-94A9-F4A8B1E8991B}.Release|Any CPU.Build.0 = Release|Any CPU
		{A6A1158A-8B2C-4EF8-BE9B-F7A2590E0E92}.Debug|Any CPU.ActiveCfg = Debug|Any CPU
		{A6A1158A-8B2C-4EF8-BE9B-F7A2590E0E92}.Debug|Any CPU.Build.0 = Debug|Any CPU
		{A6A1158A-8B2C-4EF8-BE9B-F7A2590E0E92}.Release|Any CPU.ActiveCfg = Release|Any CPU
		{A6A1158A-8B2C-4EF8-BE9B-F7A2590E0E92}.Release|Any CPU.Build.0 = Release|Any CPU
		{ADE2B375-0626-42F0-958C-A0B05DAC7E85}.Debug|Any CPU.ActiveCfg = Debug|Any CPU
		{ADE2B375-0626-42F0-958C-A0B05DAC7E85}.Debug|Any CPU.Build.0 = Debug|Any CPU
		{ADE2B375-0626-42F0-958C-A0B05DAC7E85}.Release|Any CPU.ActiveCfg = Release|Any CPU
		{ADE2B375-0626-42F0-958C-A0B05DAC7E85}.Release|Any CPU.Build.0 = Release|Any CPU
		{5468DFA8-1188-4508-BBA3-2FB2D4C51860}.Debug|Any CPU.ActiveCfg = Debug|Any CPU
		{5468DFA8-1188-4508-BBA3-2FB2D4C51860}.Debug|Any CPU.Build.0 = Debug|Any CPU
		{5468DFA8-1188-4508-BBA3-2FB2D4C51860}.Release|Any CPU.ActiveCfg = Release|Any CPU
		{5468DFA8-1188-4508-BBA3-2FB2D4C51860}.Release|Any CPU.Build.0 = Release|Any CPU
	EndGlobalSection
	GlobalSection(SolutionProperties) = preSolution
		HideSolutionNode = FALSE
	EndGlobalSection
	GlobalSection(NestedProjects) = preSolution
		{5DE046DE-CD9C-4602-94A9-F4A8B1E8991B} = {07EE0D5D-E4FC-4315-AB00-5884410EF7C3}
		{A6A1158A-8B2C-4EF8-BE9B-F7A2590E0E92} = {FD9CB34C-2EC8-4B0A-8182-53CDFDDAA34E}
		{ADE2B375-0626-42F0-958C-A0B05DAC7E85} = {4F309C5F-471B-4281-AC3A-7A33D5CF1160}
		{5468DFA8-1188-4508-BBA3-2FB2D4C51860} = {21755E37-983B-4DAD-BC15-693FAAECC529}
	EndGlobalSection
EndGlobal
